
Microsoft Visual Studio Solution File, Format Version 12.00
# Visual Studio Version 17
VisualStudioVersion = 17.13.35828.75
MinimumVisualStudioVersion = 10.0.40219.1
Project("{FAE04EC0-301F-11D3-BF4B-00C04F79EFBC}") = "CodeZone Task", "CodeZone Task\CodeZone Task.csproj", "{82B9B1C6-E0BD-4ED3-A54E-81E527D90FAB}"
EndProject
Project("{FAE04EC0-301F-11D3-BF4B-00C04F79EFBC}") = "CodeZone.DAL", "CodeZone.DAL\CodeZone.DAL.csproj", "{9B728D27-B20D-4BBF-881B-71949628843C}"
EndProject
Project("{FAE04EC0-301F-11D3-BF4B-00C04F79EFBC}") = "CodeZone.BLL", "CodeZone.BLL\CodeZone.BLL.csproj", "{4E0518D7-F21B-411E-B6C5-24D4D213238D}"
EndProject
Global
	GlobalSection(SolutionConfigurationPlatforms) = preSolution
		Debug|Any CPU = Debug|Any CPU
		Release|Any CPU = Release|Any CPU
	EndGlobalSection
	GlobalSection(ProjectConfigurationPlatforms) = postSolution
		{82B9B1C6-E0BD-4ED3-A54E-81E527D90FAB}.Debug|Any CPU.ActiveCfg = Debug|Any CPU
		{82B9B1C6-E0BD-4ED3-A54E-81E527D90FAB}.Debug|Any CPU.Build.0 = Debug|Any CPU
		{82B9B1C6-E0BD-4ED3-A54E-81E527D90FAB}.Release|Any CPU.ActiveCfg = Release|Any CPU
		{82B9B1C6-E0BD-4ED3-A54E-81E527D90FAB}.Release|Any CPU.Build.0 = Release|Any CPU
		{9B728D27-B20D-4BBF-881B-71949628843C}.Debug|Any CPU.ActiveCfg = Debug|Any CPU
		{9B728D27-B20D-4BBF-881B-71949628843C}.Debug|Any CPU.Build.0 = Debug|Any CPU
		{9B728D27-B20D-4BBF-881B-71949628843C}.Release|Any CPU.ActiveCfg = Release|Any CPU
		{9B728D27-B20D-4BBF-881B-71949628843C}.Release|Any CPU.Build.0 = Release|Any CPU
		{4E0518D7-F21B-411E-B6C5-24D4D213238D}.Debug|Any CPU.ActiveCfg = Debug|Any CPU
		{4E0518D7-F21B-411E-B6C5-24D4D213238D}.Debug|Any CPU.Build.0 = Debug|Any CPU
		{4E0518D7-F21B-411E-B6C5-24D4D213238D}.Release|Any CPU.ActiveCfg = Release|Any CPU
		{4E0518D7-F21B-411E-B6C5-24D4D213238D}.Release|Any CPU.Build.0 = Release|Any CPU
	EndGlobalSection
	GlobalSection(SolutionProperties) = preSolution
		HideSolutionNode = FALSE
	EndGlobalSection
	GlobalSection(ExtensibilityGlobals) = postSolution
		SolutionGuid = {5B1B1C70-ECDC-4009-9848-15FF3BA875B2}
	EndGlobalSection
EndGlobal
